
Microsoft Visual Studio Solution File, Format Version 12.00
# Visual Studio Version 16
VisualStudioVersion = 16.0.31424.327
MinimumVisualStudioVersion = 10.0.40219.1
Project("{9A19103F-16F7-4668-BE54-9A1E7A4F7556}") = "DemoREDScript", "DemoREDScript\DemoREDScript.csproj", "{B55379FE-9554-40C3-A2A7-D8342B547353}"
EndProject
Global
	GlobalSection(SolutionConfigurationPlatforms) = preSolution
		Debug|Any CPU = Debug|Any CPU
		Release|Any CPU = Release|Any CPU
	EndGlobalSection
	GlobalSection(ProjectConfigurationPlatforms) = postSolution
		{B55379FE-9554-40C3-A2A7-D8342B547353}.Debug|Any CPU.ActiveCfg = Debug|Any CPU
		{B55379FE-9554-40C3-A2A7-D8342B547353}.Debug|Any CPU.Build.0 = Debug|Any CPU
		{B55379FE-9554-40C3-A2A7-D8342B547353}.Release|Any CPU.ActiveCfg = Release|Any CPU
		{B55379FE-9554-40C3-A2A7-D8342B547353}.Release|Any CPU.Build.0 = Release|Any CPU
	EndGlobalSection
	GlobalSection(SolutionProperties) = preSolution
		HideSolutionNode = FALSE
	EndGlobalSection
	GlobalSection(ExtensibilityGlobals) = postSolution
		SolutionGuid = {6AB50F2F-B013-484F-983A-CC3231C4287B}
	EndGlobalSection
EndGlobal
